# generated by rye
# use `rye lock` or `rye sync` to update this lockfile
#
# last locked with the following flags:
#   pre: false
#   features: []
#   all-features: false
#   with-sources: false

-e file:.
attrs==23.2.0
    # via pytask
click==8.1.7
    # via click-default-group
    # via pytask
click-default-group==1.2.4
    # via pytask
fsspec==2024.3.1
    # via universal-pathlib
greenlet==3.0.3
    # via sqlalchemy
markdown-it-py==3.0.0
    # via rich
mdurl==0.1.2
    # via markdown-it-py
networkx==3.3
    # via pytask
optree==0.11.0
    # via pytask
packaging==24.0
    # via pytask
pluggy==1.4.0
    # via pytask
pygments==2.17.2
    # via rich
rich==13.7.1
    # via pytask
sqlalchemy==2.0.29
    # via pytask
typing-extensions==4.11.0
    # via optree
    # via sqlalchemy
universal-pathlib==0.2.2
    # via pytask
