# generated by rye
# use `rye lock` or `rye sync` to update this lockfile
#
# last locked with the following flags:
#   pre: false
#   features: []
#   all-features: true
#   with-sources: false
#   generate-hashes: false
#   universal: false

-e file:.
aiohttp==3.9.5
    # via coiled
    # via pytask
aiosignal==1.3.1
    # via aiohttp
alabaster==0.7.16
    # via sphinx
anyio==4.4.0
    # via httpx
apeye==1.4.1
    # via sphinx-toolbox
apeye-core==1.1.5
    # via apeye
asttokens==2.4.1
    # via stack-data
attrs==23.2.0
    # via aiohttp
    # via jsonschema
    # via jupyter-cache
    # via pytask
    # via referencing
autodocsumm==0.2.12
    # via sphinx-toolbox
autopep8==2.2.0
    # via nbqa
babel==2.14.0
    # via sphinx
backoff==2.2.1
    # via coiled
bcrypt==4.1.3
    # via paramiko
beautifulsoup4==4.12.3
    # via furo
    # via sphinx-toolbox
boto3==1.34.122
    # via coiled
botocore==1.34.122
    # via boto3
    # via s3transfer
cachecontrol==0.14.0
    # via sphinx-toolbox
cachetools==5.3.3
    # via tox
certifi==2024.2.2
    # via httpcore
    # via httpx
    # via requests
cffi==1.16.0
    # via cryptography
    # via pynacl
chardet==5.2.0
    # via tox
charset-normalizer==3.3.2
    # via requests
click==8.1.7
    # via click-default-group
    # via coiled
    # via dask
    # via distributed
    # via jupyter-cache
    # via pytask
    # via sphinx-click
click-default-group==1.2.4
    # via pytask
cloudpickle==3.0.0
    # via dask
    # via distributed
coiled==1.28.0
    # via pytask
colorama==0.4.6
    # via tox
comm==0.2.2
    # via ipykernel
    # via ipywidgets
contourpy==1.2.1
    # via matplotlib
coverage==7.4.4
    # via pytest-cov
cryptography==42.0.8
    # via paramiko
cssutils==2.10.2
    # via dict2css
cycler==0.12.1
    # via matplotlib
dask==2024.5.2
    # via coiled
    # via distributed
debugpy==1.8.1
    # via ipykernel
decorator==5.1.1
    # via fabric
    # via ipython
deepdiff==7.0.1
    # via pytask
deprecated==1.2.14
    # via fabric
dict2css==0.3.0.post1
    # via sphinx-toolbox
distlib==0.3.8
    # via virtualenv
distributed==2024.5.2
    # via coiled
docutils==0.20.1
    # via myst-parser
    # via sphinx
    # via sphinx-click
    # via sphinx-prompt
    # via sphinx-tabs
    # via sphinx-toolbox
domdf-python-tools==3.8.0.post2
    # via apeye
    # via apeye-core
    # via dict2css
    # via sphinx-toolbox
execnet==2.1.1
    # via pytest-xdist
executing==2.0.1
    # via stack-data
fabric==3.2.2
    # via coiled
fastjsonschema==2.19.1
    # via nbformat
filelock==3.13.4
    # via cachecontrol
    # via coiled
    # via sphinx-toolbox
    # via tox
    # via virtualenv
fonttools==4.51.0
    # via matplotlib
frozenlist==1.4.1
    # via aiohttp
    # via aiosignal
fsspec==2024.3.1
    # via dask
    # via universal-pathlib
furo==2024.1.29
    # via pytask
gilknocker==0.4.1
    # via coiled
greenlet==3.0.3
    # via sqlalchemy
h11==0.14.0
    # via httpcore
h2==4.1.0
    # via httpx
hpack==4.0.0
    # via h2
html5lib==1.1
    # via sphinx-toolbox
httpcore==1.0.5
    # via httpx
httpx==0.27.0
    # via coiled
    # via pytask
hyperframe==6.0.1
    # via h2
idna==3.7
    # via anyio
    # via apeye-core
    # via httpx
    # via requests
    # via yarl
imagesize==1.4.1
    # via sphinx
importlib-metadata==7.1.0
    # via coiled
    # via jupyter-cache
    # via myst-nb
iniconfig==2.0.0
    # via pytest
invoke==2.2.0
    # via coiled
    # via fabric
ipykernel==6.29.4
    # via myst-nb
    # via nbmake
ipython==8.18.1
    # via ipykernel
    # via ipywidgets
    # via myst-nb
    # via nbqa
    # via pytask
ipywidgets==8.1.3
    # via coiled
jedi==0.19.1
    # via ipython
jinja2==3.1.3
    # via distributed
    # via myst-parser
    # via sphinx
    # via sphinx-jinja2-compat
jmespath==1.0.1
    # via boto3
    # via botocore
    # via coiled
jsondiff==2.0.0
    # via coiled
jsonschema==4.21.1
    # via nbformat
jsonschema-specifications==2023.12.1
    # via jsonschema
jupyter-cache==1.0.0
    # via myst-nb
jupyter-client==8.6.1
    # via ipykernel
    # via nbclient
jupyter-core==5.7.2
    # via ipykernel
    # via jupyter-client
    # via nbformat
jupyterlab-widgets==3.0.11
    # via ipywidgets
kiwisolver==1.4.5
    # via matplotlib
locket==1.0.0
    # via distributed
    # via partd
markdown-it-py==3.0.0
    # via mdit-py-plugins
    # via myst-parser
    # via rich
markupsafe==2.1.5
    # via jinja2
    # via sphinx-jinja2-compat
matplotlib==3.8.4
    # via pytask
matplotlib-inline==0.1.6
    # via ipykernel
    # via ipython
mdit-py-plugins==0.4.0
    # via myst-parser
mdurl==0.1.2
    # via markdown-it-py
msgpack==1.0.8
    # via cachecontrol
    # via distributed
multidict==6.0.5
    # via aiohttp
    # via yarl
mypy==1.10.0
    # via pytask
mypy-extensions==1.0.0
    # via mypy
myst-nb==1.1.0
    # via pytask
myst-parser==2.0.0
    # via myst-nb
    # via pytask
natsort==8.4.0
    # via domdf-python-tools
nbclient==0.6.8
    # via jupyter-cache
    # via myst-nb
    # via nbmake
nbformat==5.10.4
    # via jupyter-cache
    # via myst-nb
    # via nbclient
    # via nbmake
nbmake==1.5.3
    # via pytask
nbqa==1.8.5
    # via pytask
nest-asyncio==1.6.0
    # via ipykernel
    # via nbclient
networkx==3.2.1
    # via pytask
numpy==1.26.4
    # via contourpy
    # via matplotlib
optree==0.11.0
    # via pytask
ordered-set==4.1.0
    # via deepdiff
packaging==24.0
    # via coiled
    # via dask
    # via distributed
    # via ipykernel
    # via matplotlib
    # via pip-requirements-parser
    # via pyproject-api
    # via pytask
    # via pytest
    # via sphinx
    # via tox
    # via tox-uv
paramiko==3.4.0
    # via coiled
    # via fabric
parso==0.8.4
    # via jedi
partd==1.4.2
    # via dask
pexpect==4.9.0
    # via ipython
    # via pytask
pillow==10.3.0
    # via matplotlib
pip==24.0
    # via coiled
pip-requirements-parser==32.0.1
    # via coiled
platformdirs==4.2.0
    # via apeye
    # via jupyter-core
    # via tox
    # via virtualenv
pluggy==1.4.0
    # via pytask
    # via pytest
    # via tox
prometheus-client==0.20.0
    # via coiled
prompt-toolkit==3.0.43
    # via ipython
psutil==5.9.8
    # via distributed
    # via ipykernel
ptyprocess==0.7.0
    # via pexpect
pure-eval==0.2.2
    # via stack-data
pycodestyle==2.11.1
    # via autopep8
pycparser==2.22
    # via cffi
pygments==2.17.2
    # via furo
    # via ipython
    # via nbmake
    # via rich
    # via sphinx
    # via sphinx-prompt
    # via sphinx-tabs
pynacl==1.5.0
    # via paramiko
pyparsing==3.1.2
    # via matplotlib
    # via pip-requirements-parser
pyproject-api==1.6.1
    # via tox
pytest==8.1.1
    # via nbmake
    # via pytask
    # via pytest-cov
    # via pytest-xdist
    # via syrupy
pytest-cov==5.0.0
    # via pytask
pytest-xdist==3.5.0
    # via pytask
python-dateutil==2.9.0.post0
    # via botocore
    # via jupyter-client
    # via matplotlib
pyyaml==6.0.1
    # via dask
    # via distributed
    # via jupyter-cache
    # via myst-nb
    # via myst-parser
pyzmq==25.1.2
    # via ipykernel
    # via jupyter-client
referencing==0.34.0
    # via jsonschema
    # via jsonschema-specifications
requests==2.31.0
    # via apeye
    # via cachecontrol
    # via sphinx
rich==13.7.1
    # via coiled
    # via pytask
rpds-py==0.18.0
    # via jsonschema
    # via referencing
ruamel-yaml==0.18.6
    # via sphinx-toolbox
ruamel-yaml-clib==0.2.8
    # via ruamel-yaml
s3transfer==0.10.1
    # via boto3
setuptools==70.0.0
    # via coiled
six==1.16.0
    # via asttokens
    # via html5lib
    # via python-dateutil
sniffio==1.3.1
    # via anyio
    # via httpx
snowballstemmer==2.2.0
    # via sphinx
sortedcontainers==2.4.0
    # via distributed
soupsieve==2.5
    # via beautifulsoup4
sphinx==7.2.6
    # via autodocsumm
    # via furo
    # via myst-nb
    # via myst-parser
    # via pytask
    # via sphinx-autodoc-typehints
    # via sphinx-basic-ng
    # via sphinx-click
    # via sphinx-copybutton
    # via sphinx-design
    # via sphinx-prompt
    # via sphinx-tabs
    # via sphinx-toolbox
    # via sphinxext-opengraph
sphinx-autodoc-typehints==2.0.1
    # via sphinx-toolbox
sphinx-basic-ng==1.0.0b2
    # via furo
sphinx-click==5.1.0
    # via pytask
sphinx-copybutton==0.5.2
    # via pytask
sphinx-design==0.5.0
    # via pytask
sphinx-jinja2-compat==0.2.0.post1
    # via sphinx-toolbox
sphinx-prompt==1.8.0
    # via sphinx-toolbox
sphinx-tabs==3.4.5
    # via sphinx-toolbox
sphinx-toolbox==3.5.0
    # via pytask
sphinxcontrib-applehelp==1.0.8
    # via sphinx
sphinxcontrib-devhelp==1.0.6
    # via sphinx
sphinxcontrib-htmlhelp==2.0.5
    # via sphinx
sphinxcontrib-jsmath==1.0.1
    # via sphinx
sphinxcontrib-qthelp==1.0.7
    # via sphinx
sphinxcontrib-serializinghtml==1.1.10
    # via sphinx
sphinxext-opengraph==0.9.1
    # via pytask
sqlalchemy==2.0.29
    # via jupyter-cache
    # via pytask
stack-data==0.6.3
    # via ipython
syrupy==4.6.1
    # via pytask
tabulate==0.9.0
    # via jupyter-cache
    # via pytask
    # via sphinx-toolbox
tblib==3.0.0
    # via distributed
tokenize-rt==5.2.0
    # via nbqa
toml==0.10.2
    # via coiled
tomli==2.0.1
    # via nbqa
toolz==0.12.1
    # via dask
    # via distributed
    # via partd
tornado==6.4
    # via distributed
    # via ipykernel
    # via jupyter-client
tox==4.15.1
    # via tox-uv
tox-uv==1.9.0
tqdm==4.66.4
    # via pytask
traitlets==5.14.2
    # via comm
    # via ipykernel
    # via ipython
    # via ipywidgets
    # via jupyter-client
    # via jupyter-core
    # via matplotlib-inline
    # via nbclient
    # via nbformat
typing-extensions==4.11.0
    # via coiled
    # via domdf-python-tools
    # via mypy
    # via myst-nb
    # via optree
    # via sphinx-toolbox
    # via sqlalchemy
universal-pathlib==0.2.2
    # via pytask
urllib3==1.26.18
    # via botocore
    # via distributed
    # via requests
uv==0.2.9
    # via tox-uv
virtualenv==20.26.2
    # via tox
wcwidth==0.2.13
    # via prompt-toolkit
    # via tabulate
webencodings==0.5.1
    # via html5lib
wheel==0.43.0
    # via coiled
widgetsnbextension==4.0.11
    # via ipywidgets
wrapt==1.16.0
    # via deprecated
yarl==1.9.4
    # via aiohttp
zict==3.0.0
    # via distributed
zipp==3.19.2
    # via importlib-metadata
